{
  "name": "harmonyTest",
  "lockfileVersion": 3,
  "requires": true,
  "packages": {
    "": {
      "dependencies": {
        "hypium": "^1.0.0"
      }
    },
    "node_modules/hypium": {
      "version": "1.0.0",
      "resolved": "https://registry.npmmirror.com/hypium/-/hypium-1.0.0.tgz",
      "integrity": "sha512-nl+RQVv2AU/5FvFRhsXyWO5wh+2huhdqRZ3bszBWZzW+kpNI3AT4ydvVRYIfaQbYwV4UlX/rSc7BtFjLAezhow=="
    }
  }
}
